
Microsoft Visual Studio Solution File, Format Version 12.00
# Visual Studio Version 16
VisualStudioVersion = 16.0.31019.194
MinimumVisualStudioVersion = 10.0.40219.1
Project("{FAE04EC0-301F-11D3-BF4B-00C04F79EFBC}") = "IoManagement", "IoManagement\IoManagement.csproj", "{43E75F58-3198-455C-9F96-6601C5F90302}"
EndProject
Project("{FAE04EC0-301F-11D3-BF4B-00C04F79EFBC}") = "IoManagementApp", "IoManagementApp\IoManagementApp.csproj", "{F5E23CD9-E4D0-4D45-8F6A-8F7753676C5B}"
EndProject
Global
	GlobalSection(SolutionConfigurationPlatforms) = preSolution
		Debug|Any CPU = Debug|Any CPU
		Release|Any CPU = Release|Any CPU
	EndGlobalSection
	GlobalSection(ProjectConfigurationPlatforms) = postSolution
		{43E75F58-3198-455C-9F96-6601C5F90302}.Debug|Any CPU.ActiveCfg = Debug|Any CPU
		{43E75F58-3198-455C-9F96-6601C5F90302}.Debug|Any CPU.Build.0 = Debug|Any CPU
		{43E75F58-3198-455C-9F96-6601C5F90302}.Release|Any CPU.ActiveCfg = Release|Any CPU
		{43E75F58-3198-455C-9F96-6601C5F90302}.Release|Any CPU.Build.0 = Release|Any CPU
		{F5E23CD9-E4D0-4D45-8F6A-8F7753676C5B}.Debug|Any CPU.ActiveCfg = Debug|Any CPU
		{F5E23CD9-E4D0-4D45-8F6A-8F7753676C5B}.Debug|Any CPU.Build.0 = Debug|Any CPU
		{F5E23CD9-E4D0-4D45-8F6A-8F7753676C5B}.Release|Any CPU.ActiveCfg = Release|Any CPU
		{F5E23CD9-E4D0-4D45-8F6A-8F7753676C5B}.Release|Any CPU.Build.0 = Release|Any CPU
	EndGlobalSection
	GlobalSection(SolutionProperties) = preSolution
		HideSolutionNode = FALSE
	EndGlobalSection
	GlobalSection(ExtensibilityGlobals) = postSolution
		SolutionGuid = {6B9BD0B0-34A3-41CB-9F23-53D859EEEA78}
	EndGlobalSection
EndGlobal
